{
    "_meta": {
        "hash": {
            "sha256": "246b5ea5fa51708b4be873a40237e7cdf14ad34f1d8c885b883dbf94ec90c764"
        },
        "pipfile-spec": 6,
        "requires": {
            "python_version": "3.7"
        },
        "sources": [
            {
                "name": "pypi",
                "url": "https://pypi.org/simple",
                "verify_ssl": true
            }
        ]
    },
    "default": {
        "django": {
            "hashes": [
                "sha256:1226168be1b1c7efd0e66ee79b0e0b58b2caa7ed87717909cd8a57bb13a7079a",
                "sha256:9a4635813e2d498a3c01b10c701fe4a515d76dd290aaa792ccb65ca4ccb6b038"
            ],
            "index": "pypi",
            "version": "==2.2.10"
        },
        "gunicorn": {
            "hashes": [
                "sha256:1904bb2b8a43658807108d59c3f3d56c2b6121a701161de0ddf9ad140073c626",
                "sha256:cd4a810dd51bf497552cf3f863b575dabd73d6ad6a91075b65936b151cbf4f9c"
            ],
            "index": "pypi",
            "version": "==20.0.4"
        },
        "psycopg2": {
            "hashes": [
                "sha256:076351ed3c3b36ea147d456b3eb568be0ec89a29b000349d5b6d8e3e3026f49e",
                "sha256:11b5e4f9d1e7e742d6a953e70d19ac5a12db5dc539db929657df676ec475b435",
                "sha256:23198892998282d06884897dcb7561c043371c2b33118f1d12c0abbe1d7fd1d5",
                "sha256:25c843b5ba383820a027603f3ef7b4d9854602d325295cd82bded15b33b762c9",
                "sha256:3474c77a657fc2344f415ac0b5dc053ee0b3cdc84bbcc7cfc8047604b981febc",
                "sha256:4460dc9d0132db3483fcedd4f2fb30475fd89a98b9cd563f6ad1dabd59247845",
                "sha256:45dd9b3f08e327f23f5e70075738a69f4851c83e91b90b9fe3fe873de8c4e953",
                "sha256:58041e8372f077ed4dd37029e6988b2f0859e520d3949a90c4d6456ec47f7c75",
                "sha256:5e1d71b33e1712ab691988cd8d8866196e981fd3e353e01ff4604c437b338c75",
                "sha256:6f3b5bf74396800738f8c15e6cecf7ce64d0e59f80e1ca5fe5ceedbcdeaac5ed",
                "sha256:6ff610d8a5f44f28c27191cbc9025e4a6f8922dbb99b9d3ef0779b9c5ca164d6",
                "sha256:707b40dc972223880364fce6eaa42e8fd7946f636e91fc7ccf65beb149e9a489",
                "sha256:72448b57b82ece42a7f6c1c50a5ca27c0521f9e31b5d3621d19b2d9434debb32",
                "sha256:7d8e4c2639a693a3b87942596a68b2cfc6cfbd66c0997b1adb7b8828bde6c1b7",
                "sha256:84cb4591cd8a1238ddabcf8b066d3179fb2e2296679b720e8272f267d9137783",
                "sha256:868a251a32f46c2615e034541bf61944b810ba66a2a8efeef7fbeb35d20ba246",
                "sha256:87c950f463a11341af2228bc4173d4c47dce2e4d4b9282715b923c8d90b7547d",
                "sha256:8cdfef6ca3359f66418c84778506e431fd02a0a4cee10c8f54affef141d9a37f",
                "sha256:8e875e864876bf69879221746bacc3479cd5db26245bac4c3b2f9622ee6ac52f",
                "sha256:96c08e0d72a1dd7a9314636351a3ed8bdcdf332ec8414da93e81c2cb747ca62d",
                "sha256:99b02d34029d163344490212ebd7987b75a18349f5e1925ea77a1e77dd700c12",
                "sha256:ab4f2a7d9c43c65ea62f28f549079d3f5f5d5ca54eafb552c765537718a8dbd4",
                "sha256:ac8d1231aae6b6849e732e8d021a5f93fa9d8d8bac02c663797a9e6c5ac1607d",
                "sha256:c946dd53fd39427051e72707146643660f017388641b9daa2d316fe45af06551",
                "sha256:ceadecf660ad4f7a31ea5baef30a7351add8626f9fd3daaafabb9a9e549f3f9a",
                "sha256:da8475270687816c500a5874e14b25e120c2e9711dc6f7cf697af6bda31ab741",
                "sha256:e0313fb08c883ebc772d11c9ecf0b4ecf8946a37ed6fb3d2b6ad96f833a1af2b",
                "sha256:e452672f74f8d4540da0b9df4d50cd26109f05e2ed35015bb0ffe6a0f08e730e",
                "sha256:ebabc4ab0bd3fb4e4644cfe5c11c3ba22991ce1c6d40b4755a5f3f144e97e822",
                "sha256:ec26d70bc9e5be78334f3df474bb852e078b80d2ac44a069a925f4333a432cc9",
                "sha256:f50d0df01a1fe2c0b8e8d74c9eb8f636d09ccea4c7f50eb267eb117bd33b8516"
            ],
            "index": "pypi",
            "version": "==2.7"
        },
        "pytz": {
            "hashes": [
                "sha256:1c557d7d0e871de1f5ccd5833f60fb2550652da6be2693c1e02300743d21500d",
                "sha256:b02c06db6cf09c12dd25137e563b31700d3b80fcc4ad23abb7a315f2789819be"
            ],
            "version": "==2019.3"
        },
        "sqlparse": {
            "hashes": [
                "sha256:40afe6b8d4b1117e7dff5504d7a8ce07d9a1b15aeeade8a2d10f130a834f8177",
                "sha256:7c3dca29c022744e95b547e867cee89f4fce4373f3549ccd8797d8eb52cdb873"
            ],
            "version": "==0.3.0"
        },
        "uwsgi": {
            "hashes": [
                "sha256:4972ac538800fb2d421027f49b4a1869b66048839507ccf0aa2fda792d99f583"
            ],
            "index": "pypi",
            "version": "==2.0.18"
        }
    },
    "develop": {}
}
